// !$*UTF8*$!
{
	archiveVersion = 1;
	classes = {
	};
	objectVersion = 50;
	objects = {

/* Begin PBXBuildFile section */
		B6284E12229BE884005F98E1 /* AppDelegate.swift in Sources */ = {isa = PBXBuildFile; fileRef = B6284E11229BE884005F98E1 /* AppDelegate.swift */; };
		B6284E14229BE884005F98E1 /* ViewController.swift in Sources */ = {isa = PBXBuildFile; fileRef = B6284E13229BE884005F98E1 /* ViewController.swift */; };
		B6284E17229BE884005F98E1 /* Main.storyboard in Resources */ = {isa = PBXBuildFile; fileRef = B6284E15229BE884005F98E1 /* Main.storyboard */; };
		B6284E19229BE886005F98E1 /* Assets.xcassets in Resources */ = {isa = PBXBuildFile; fileRef = B6284E18229BE886005F98E1 /* Assets.xcassets */; };
		B6284E1C229BE886005F98E1 /* LaunchScreen.storyboard in Resources */ = {isa = PBXBuildFile; fileRef = B6284E1A229BE886005F98E1 /* LaunchScreen.storyboard */; };
		B6284E27229BE887005F98E1 /* SwiftPonterTests.swift in Sources */ = {isa = PBXBuildFile; fileRef = B6284E26229BE887005F98E1 /* SwiftPonterTests.swift */; };
		B6284E32229BE887005F98E1 /* SwiftPonterUITests.swift in Sources */ = {isa = PBXBuildFile; fileRef = B6284E31229BE887005F98E1 /* SwiftPonterUITests.swift */; };
/* End PBXBuildFile section */

/* Begin PBXContainerItemProxy section */
		B6284E23229BE887005F98E1 /* PBXContainerItemProxy */ = {
			isa = PBXContainerItemProxy;
			containerPortal = B6284E06229BE884005F98E1 /* Project object */;
			proxyType = 1;
			remoteGlobalIDString = B6284E0D229BE884005F98E1;
			remoteInfo = SwiftPonter;
		};
		B6284E2E229BE887005F98E1 /* PBXContainerItemProxy */ = {
			isa = PBXContainerItemProxy;
			containerPortal = B6284E06229BE884005F98E1 /* Project object */;
			proxyType = 1;
			remoteGlobalIDString = B6284E0D229BE884005F98E1;
			remoteInfo = SwiftPonter;
		};
/* End PBXContainerItemProxy section */

/* Begin PBXFileReference section */
		B6284E0E229BE884005F98E1 /* SwiftPonter.app */ = {isa = PBXFileReference; explicitFileType = wrapper.application; includeInIndex = 0; path = SwiftPonter.app; sourceTree = BUILT_PRODUCTS_DIR; };
		B6284E11229BE884005F98E1 /* AppDelegate.swift */ = {isa = PBXFileReference; lastKnownFileType = sourcecode.swift; path = AppDelegate.swift; sourceTree = "<group>"; };
		B6284E13229BE884005F98E1 /* ViewController.swift */ = {isa = PBXFileReference; lastKnownFileType = sourcecode.swift; path = ViewController.swift; sourceTree = "<group>"; };
		B6284E16229BE884005F98E1 /* Base */ = {isa = PBXFileReference; lastKnownFileType = file.storyboard; name = Base; path = Base.lproj/Main.storyboard; sourceTree = "<group>"; };
		B6284E18229BE886005F98E1 /* Assets.xcassets */ = {isa = PBXFileReference; lastKnownFileType = folder.assetcatalog; path = Assets.xcassets; sourceTree = "<group>"; };
		B6284E1B229BE886005F98E1 /* Base */ = {isa = PBXFileReference; lastKnownFileType = file.storyboard; name = Base; path = Base.lproj/LaunchScreen.storyboard; sourceTree = "<group>"; };
		B6284E1D229BE886005F98E1 /* Info.plist */ = {isa = PBXFileReference; lastKnownFileType = text.plist.xml; path = Info.plist; sourceTree = "<group>"; };
		B6284E22229BE887005F98E1 /* SwiftPonterTests.xctest */ = {isa = PBXFileReference; explicitFileType = wrapper.cfbundle; includeInIndex = 0; path = SwiftPonterTests.xctest; sourceTree = BUILT_PRODUCTS_DIR; };
		B6284E26229BE887005F98E1 /* SwiftPonterTests.swift */ = {isa = PBXFileReference; lastKnownFileType = sourcecode.swift; path = SwiftPonterTests.swift; sourceTree = "<group>"; };
		B6284E28229BE887005F98E1 /* Info.plist */ = {isa = PBXFileReference; lastKnownFileType = text.plist.xml; path = Info.plist; sourceTree = "<group>"; };
		B6284E2D229BE887005F98E1 /* SwiftPonterUITests.xctest */ = {isa = PBXFileReference; explicitFileType = wrapper.cfbundle; includeInIndex = 0; path = SwiftPonterUITests.xctest; sourceTree = BUILT_PRODUCTS_DIR; };
		B6284E31229BE887005F98E1 /* SwiftPonterUITests.swift */ = {isa = PBXFileReference; lastKnownFileType = sourcecode.swift; path = SwiftPonterUITests.swift; sourceTree = "<group>"; };
		B6284E33229BE887005F98E1 /* Info.plist */ = {isa = PBXFileReference; lastKnownFileType = text.plist.xml; path = Info.plist; sourceTree = "<group>"; };
/* End PBXFileReference section */

/* Begin PBXFrameworksBuildPhase section */
		B6284E0B229BE884005F98E1 /* Frameworks */ = {
			isa = PBXFrameworksBuildPhase;
			buildActionMask = 2147483647;
			files = (
			);
			runOnlyForDeploymentPostprocessing = 0;
		};
		B6284E1F229BE887005F98E1 /* Frameworks */ = {
			isa = PBXFrameworksBuildPhase;
			buildActionMask = 2147483647;
			files = (
			);
			runOnlyForDeploymentPostprocessing = 0;
		};
		B6284E2A229BE887005F98E1 /* Frameworks */ = {
			isa = PBXFrameworksBuildPhase;
			buildActionMask = 2147483647;
			files = (
			);
			runOnlyForDeploymentPostprocessing = 0;
		};
/* End PBXFrameworksBuildPhase section */

/* Begin PBXGroup section */
		B6284E05229BE884005F98E1 = {
			isa = PBXGroup;
			children = (
				B6284E10229BE884005F98E1 /* SwiftPonter */,
				B6284E25229BE887005F98E1 /* SwiftPonterTests */,
				B6284E30229BE887005F98E1 /* SwiftPonterUITests */,
				B6284E0F229BE884005F98E1 /* Products */,
			);
			sourceTree = "<group>";
		};
		B6284E0F229BE884005F98E1 /* Products */ = {
			isa = PBXGroup;
			children = (
				B6284E0E229BE884005F98E1 /* SwiftPonter.app */,
				B6284E22229BE887005F98E1 /* SwiftPonterTests.xctest */,
				B6284E2D229BE887005F98E1 /* SwiftPonterUITests.xctest */,
			);
			name = Products;
			sourceTree = "<group>";
		};
		B6284E10229BE884005F98E1 /* SwiftPonter */ = {
			isa = PBXGroup;
			children = (
				B6284E11229BE884005F98E1 /* AppDelegate.swift */,
				B6284E13229BE884005F98E1 /* ViewController.swift */,
				B6284E15229BE884005F98E1 /* Main.storyboard */,
				B6284E18229BE886005F98E1 /* Assets.xcassets */,
				B6284E1A229BE886005F98E1 /* LaunchScreen.storyboard */,
				B6284E1D229BE886005F98E1 /* Info.plist */,
			);
			path = SwiftPonter;
			sourceTree = "<group>";
		};
		B6284E25229BE887005F98E1 /* SwiftPonterTests */ = {
			isa = PBXGroup;
			children = (
				B6284E26229BE887005F98E1 /* SwiftPonterTests.swift */,
				B6284E28229BE887005F98E1 /* Info.plist */,
			);
			path = SwiftPonterTests;
			sourceTree = "<group>";
		};
		B6284E30229BE887005F98E1 /* SwiftPonterUITests */ = {
			isa = PBXGroup;
			children = (
				B6284E31229BE887005F98E1 /* SwiftPonterUITests.swift */,
				B6284E33229BE887005F98E1 /* Info.plist */,
			);
			path = SwiftPonterUITests;
			sourceTree = "<group>";
		};
/* End PBXGroup section */

/* Begin PBXNativeTarget section */
		B6284E0D229BE884005F98E1 /* SwiftPonter */ = {
			isa = PBXNativeTarget;
			buildConfigurationList = B6284E36229BE887005F98E1 /* Build configuration list for PBXNativeTarget "SwiftPonter" */;
			buildPhases = (
				B6284E0A229BE884005F98E1 /* Sources */,
				B6284E0B229BE884005F98E1 /* Frameworks */,
				B6284E0C229BE884005F98E1 /* Resources */,
			);
			buildRules = (
			);
			dependencies = (
			);
			name = SwiftPonter;
			productName = SwiftPonter;
			productReference = B6284E0E229BE884005F98E1 /* SwiftPonter.app */;
			productType = "com.apple.product-type.application";
		};
		B6284E21229BE887005F98E1 /* SwiftPonterTests */ = {
			isa = PBXNativeTarget;
			buildConfigurationList = B6284E39229BE887005F98E1 /* Build configuration list for PBXNativeTarget "SwiftPonterTests" */;
			buildPhases = (
				B6284E1E229BE887005F98E1 /* Sources */,
				B6284E1F229BE887005F98E1 /* Frameworks */,
				B6284E20229BE887005F98E1 /* Resources */,
			);
			buildRules = (
			);
			dependencies = (
				B6284E24229BE887005F98E1 /* PBXTargetDependency */,
			);
			name = SwiftPonterTests;
			productName = SwiftPonterTests;
			productReference = B6284E22229BE887005F98E1 /* SwiftPonterTests.xctest */;
			productType = "com.apple.product-type.bundle.unit-test";
		};
		B6284E2C229BE887005F98E1 /* SwiftPonterUITests */ = {
			isa = PBXNativeTarget;
			buildConfigurationList = B6284E3C229BE887005F98E1 /* Build configuration list for PBXNativeTarget "SwiftPonterUITests" */;
			buildPhases = (
				B6284E29229BE887005F98E1 /* Sources */,
				B6284E2A229BE887005F98E1 /* Frameworks */,
				B6284E2B229BE887005F98E1 /* Resources */,
			);
			buildRules = (
			);
			dependencies = (
				B6284E2F229BE887005F98E1 /* PBXTargetDependency */,
			);
			name = SwiftPonterUITests;
			productName = SwiftPonterUITests;
			productReference = B6284E2D229BE887005F98E1 /* SwiftPonterUITests.xctest */;
			productType = "com.apple.product-type.bundle.ui-testing";
		};
/* End PBXNativeTarget section */

/* Begin PBXProject section */
		B6284E06229BE884005F98E1 /* Project object */ = {
			isa = PBXProject;
			attributes = {
				LastSwiftUpdateCheck = 1010;
				LastUpgradeCheck = 1010;
				ORGANIZATIONNAME = Jion;
				TargetAttributes = {
					B6284E0D229BE884005F98E1 = {
						CreatedOnToolsVersion = 10.1;
					};
					B6284E21229BE887005F98E1 = {
						CreatedOnToolsVersion = 10.1;
						TestTargetID = B6284E0D229BE884005F98E1;
					};
					B6284E2C229BE887005F98E1 = {
						CreatedOnToolsVersion = 10.1;
						TestTargetID = B6284E0D229BE884005F98E1;
					};
				};
			};
			buildConfigurationList = B6284E09229BE884005F98E1 /* Build configuration list for PBXProject "SwiftPonter" */;
			compatibilityVersion = "Xcode 9.3";
			developmentRegion = en;
			hasScannedForEncodings = 0;
			knownRegions = (
				en,
				Base,
			);
			mainGroup = B6284E05229BE884005F98E1;
			productRefGroup = B6284E0F229BE884005F98E1 /* Products */;
			projectDirPath = "";
			projectRoot = "";
			targets = (
				B6284E0D229BE884005F98E1 /* SwiftPonter */,
				B6284E21229BE887005F98E1 /* SwiftPonterTests */,
				B6284E2C229BE887005F98E1 /* SwiftPonterUITests */,
			);
		};
/* End PBXProject section */

/* Begin PBXResourcesBuildPhase section */
		B6284E0C229BE884005F98E1 /* Resources */ = {
			isa = PBXResourcesBuildPhase;
			buildActionMask = 2147483647;
			files = (
				B6284E1C229BE886005F98E1 /* LaunchScreen.storyboard in Resources */,
				B6284E19229BE886005F98E1 /* Assets.xcassets in Resources */,
				B6284E17229BE884005F98E1 /* Main.storyboard in Resources */,
			);
			runOnlyForDeploymentPostprocessing = 0;
		};
		B6284E20229BE887005F98E1 /* Resources */ = {
			isa = PBXResourcesBuildPhase;
			buildActionMask = 2147483647;
			files = (
			);
			runOnlyForDeploymentPostprocessing = 0;
		};
		B6284E2B229BE887005F98E1 /* Resources */ = {
			isa = PBXResourcesBuildPhase;
			buildActionMask = 2147483647;
			files = (
			);
			runOnlyForDeploymentPostprocessing = 0;
		};
/* End PBXResourcesBuildPhase section */

/* Begin PBXSourcesBuildPhase section */
		B6284E0A229BE884005F98E1 /* Sources */ = {
			isa = PBXSourcesBuildPhase;
			buildActionMask = 2147483647;
			files = (
				B6284E14229BE884005F98E1 /* ViewController.swift in Sources */,
				B6284E12229BE884005F98E1 /* AppDelegate.swift in Sources */,
			);
			runOnlyForDeploymentPostprocessing = 0;
		};
		B6284E1E229BE887005F98E1 /* Sources */ = {
			isa = PBXSourcesBuildPhase;
			buildActionMask = 2147483647;
			files = (
				B6284E27229BE887005F98E1 /* SwiftPonterTests.swift in Sources */,
			);
			runOnlyForDeploymentPostprocessing = 0;
		};
		B6284E29229BE887005F98E1 /* Sources */ = {
			isa = PBXSourcesBuildPhase;
			buildActionMask = 2147483647;
			files = (
				B6284E32229BE887005F98E1 /* SwiftPonterUITests.swift in Sources */,
			);
			runOnlyForDeploymentPostprocessing = 0;
		};
/* End PBXSourcesBuildPhase section */

/* Begin PBXTargetDependency section */
		B6284E24229BE887005F98E1 /* PBXTargetDependency */ = {
			isa = PBXTargetDependency;
			target = B6284E0D229BE884005F98E1 /* SwiftPonter */;
			targetProxy = B6284E23229BE887005F98E1 /* PBXContainerItemProxy */;
		};
		B6284E2F229BE887005F98E1 /* PBXTargetDependency */ = {
			isa = PBXTargetDependency;
			target = B6284E0D229BE884005F98E1 /* SwiftPonter */;
			targetProxy = B6284E2E229BE887005F98E1 /* PBXContainerItemProxy */;
		};
/* End PBXTargetDependency section */

/* Begin PBXVariantGroup section */
		B6284E15229BE884005F98E1 /* Main.storyboard */ = {
			isa = PBXVariantGroup;
			children = (
				B6284E16229BE884005F98E1 /* Base */,
			);
			name = Main.storyboard;
			sourceTree = "<group>";
		};
		B6284E1A229BE886005F98E1 /* LaunchScreen.storyboard */ = {
			isa = PBXVariantGroup;
			children = (
				B6284E1B229BE886005F98E1 /* Base */,
			);
			name = LaunchScreen.storyboard;
			sourceTree = "<group>";
		};
/* End PBXVariantGroup section */

/* Begin XCBuildConfiguration section */
		B6284E34229BE887005F98E1 /* Debug */ = {
			isa = XCBuildConfiguration;
			buildSettings = {
				ALWAYS_SEARCH_USER_PATHS = NO;
				CLANG_ANALYZER_NONNULL = YES;
				CLANG_ANALYZER_NUMBER_OBJECT_CONVERSION = YES_AGGRESSIVE;
				CLANG_CXX_LANGUAGE_STANDARD = "gnu++14";
				CLANG_CXX_LIBRARY = "libc++";
				CLANG_ENABLE_MODULES = YES;
				CLANG_ENABLE_OBJC_ARC = YES;
				CLANG_ENABLE_OBJC_WEAK = YES;
				CLANG_WARN_BLOCK_CAPTURE_AUTORELEASING = YES;
				CLANG_WARN_BOOL_CONVERSION = YES;
				CLANG_WARN_COMMA = YES;
				CLANG_WARN_CONSTANT_CONVERSION = YES;
				CLANG_WARN_DEPRECATED_OBJC_IMPLEMENTATIONS = YES;
				CLANG_WARN_DIRECT_OBJC_ISA_USAGE = YES_ERROR;
				CLANG_WARN_DOCUMENTATION_COMMENTS = YES;
				CLANG_WARN_EMPTY_BODY = YES;
				CLANG_WARN_ENUM_CONVERSION = YES;
				CLANG_WARN_INFINITE_RECURSION = YES;
				CLANG_WARN_INT_CONVERSION = YES;
				CLANG_WARN_NON_LITERAL_NULL_CONVERSION = YES;
				CLANG_WARN_OBJC_IMPLICIT_RETAIN_SELF = YES;
				CLANG_WARN_OBJC_LITERAL_CONVERSION = YES;
				CLANG_WARN_OBJC_ROOT_CLASS = YES_ERROR;
				CLANG_WARN_RANGE_LOOP_ANALYSIS = YES;
				CLANG_WARN_STRICT_PROTOTYPES = YES;
				CLANG_WARN_SUSPICIOUS_MOVE = YES;
				CLANG_WARN_UNGUARDED_AVAILABILITY = YES_AGGRESSIVE;
				CLANG_WARN_UNREACHABLE_CODE = YES;
				CLANG_WARN__DUPLICATE_METHOD_MATCH = YES;
				CODE_SIGN_IDENTITY = "iPhone Developer";
				COPY_PHASE_STRIP = NO;
				DEBUG_INFORMATION_FORMAT = dwarf;
				ENABLE_STRICT_OBJC_MSGSEND = YES;
				ENABLE_TESTABILITY = YES;
				GCC_C_LANGUAGE_STANDARD = gnu11;
				GCC_DYNAMIC_NO_PIC = NO;
				GCC_NO_COMMON_BLOCKS = YES;
				GCC_OPTIMIZATION_LEVEL = 0;
				GCC_PREPROCESSOR_DEFINITIONS = (
					"DEBUG=1",
					"$(inherited)",
				);
				GCC_WARN_64_TO_32_BIT_CONVERSION = YES;
				GCC_WARN_ABOUT_RETURN_TYPE = YES_ERROR;
				GCC_WARN_UNDECLARED_SELECTOR = YES;
				GCC_WARN_UNINITIALIZED_AUTOS = YES_AGGRESSIVE;
				GCC_WARN_UNUSED_FUNCTION = YES;
				GCC_WARN_UNUSED_VARIABLE = YES;
				IPHONEOS_DEPLOYMENT_TARGET = 12.1;
				MTL_ENABLE_DEBUG_INFO = INCLUDE_SOURCE;
				MTL_FAST_MATH = YES;
				ONLY_ACTIVE_ARCH = YES;
				SDKROOT = iphoneos;
				SWIFT_ACTIVE_COMPILATION_CONDITIONS = DEBUG;
				SWIFT_OPTIMIZATION_LEVEL = "-Onone";
			};
			name = Debug;
		};
		B6284E35229BE887005F98E1 /* Release */ = {
			isa = XCBuildConfiguration;
			buildSettings = {
				ALWAYS_SEARCH_USER_PATHS = NO;
				CLANG_ANALYZER_NONNULL = YES;
				CLANG_ANALYZER_NUMBER_OBJECT_CONVERSION = YES_AGGRESSIVE;
				CLANG_CXX_LANGUAGE_STANDARD = "gnu++14";
				CLANG_CXX_LIBRARY = "libc++";
				CLANG_ENABLE_MODULES = YES;
				CLANG_ENABLE_OBJC_ARC = YES;
				CLANG_ENABLE_OBJC_WEAK = YES;
				CLANG_WARN_BLOCK_CAPTURE_AUTORELEASING = YES;
				CLANG_WARN_BOOL_CONVERSION = YES;
				CLANG_WARN_COMMA = YES;
				CLANG_WARN_CONSTANT_CONVERSION = YES;
				CLANG_WARN_DEPRECATED_OBJC_IMPLEMENTATIONS = YES;
				CLANG_WARN_DIRECT_OBJC_ISA_USAGE = YES_ERROR;
				CLANG_WARN_DOCUMENTATION_COMMENTS = YES;
				CLANG_WARN_EMPTY_BODY = YES;
				CLANG_WARN_ENUM_CONVERSION = YES;
				CLANG_WARN_INFINITE_RECURSION = YES;
				CLANG_WARN_INT_CONVERSION = YES;
				CLANG_WARN_NON_LITERAL_NULL_CONVERSION = YES;
				CLANG_WARN_OBJC_IMPLICIT_RETAIN_SELF = YES;
				CLANG_WARN_OBJC_LITERAL_CONVERSION = YES;
				CLANG_WARN_OBJC_ROOT_CLASS = YES_ERROR;
				CLANG_WARN_RANGE_LOOP_ANALYSIS = YES;
				CLANG_WARN_STRICT_PROTOTYPES = YES;
				CLANG_WARN_SUSPICIOUS_MOVE = YES;
				CLANG_WARN_UNGUARDED_AVAILABILITY = YES_AGGRESSIVE;
				CLANG_WARN_UNREACHABLE_CODE = YES;
				CLANG_WARN__DUPLICATE_METHOD_MATCH = YES;
				CODE_SIGN_IDENTITY = "iPhone Developer";
				COPY_PHASE_STRIP = NO;
				DEBUG_INFORMATION_FORMAT = "dwarf-with-dsym";
				ENABLE_NS_ASSERTIONS = NO;
				ENABLE_STRICT_OBJC_MSGSEND = YES;
				GCC_C_LANGUAGE_STANDARD = gnu11;
				GCC_NO_COMMON_BLOCKS = YES;
				GCC_WARN_64_TO_32_BIT_CONVERSION = YES;
				GCC_WARN_ABOUT_RETURN_TYPE = YES_ERROR;
				GCC_WARN_UNDECLARED_SELECTOR = YES;
				GCC_WARN_UNINITIALIZED_AUTOS = YES_AGGRESSIVE;
				GCC_WARN_UNUSED_FUNCTION = YES;
				GCC_WARN_UNUSED_VARIABLE = YES;
				IPHONEOS_DEPLOYMENT_TARGET = 12.1;
				MTL_ENABLE_DEBUG_INFO = NO;
				MTL_FAST_MATH = YES;
				SDKROOT = iphoneos;
				SWIFT_COMPILATION_MODE = wholemodule;
				SWIFT_OPTIMIZATION_LEVEL = "-O";
				VALIDATE_PRODUCT = YES;
			};
			name = Release;
		};
		B6284E37229BE887005F98E1 /* Debug */ = {
			isa = XCBuildConfiguration;
			buildSettings = {
				ASSETCATALOG_COMPILER_APPICON_NAME = AppIcon;
				CODE_SIGN_STYLE = Automatic;
				DEVELOPMENT_TEAM = N3379XTAJ9;
				INFOPLIST_FILE = SwiftPonter/Info.plist;
				LD_RUNPATH_SEARCH_PATHS = (
					"$(inherited)",
					"@executable_path/Frameworks",
				);
				PRODUCT_BUNDLE_IDENTIFIER = com.jion.SwiftPonter;
				PRODUCT_NAME = "$(TARGET_NAME)";
				SWIFT_VERSION = 4.2;
				TARGETED_DEVICE_FAMILY = "1,2";
			};
			name = Debug;
		};
		B6284E38229BE887005F98E1 /* Release */ = {
			isa = XCBuildConfiguration;
			buildSettings = {
				ASSETCATALOG_COMPILER_APPICON_NAME = AppIcon;
				CODE_SIGN_STYLE = Automatic;
				DEVELOPMENT_TEAM = N3379XTAJ9;
				INFOPLIST_FILE = SwiftPonter/Info.plist;
				LD_RUNPATH_SEARCH_PATHS = (
					"$(inherited)",
					"@executable_path/Frameworks",
				);
				PRODUCT_BUNDLE_IDENTIFIER = com.jion.SwiftPonter;
				PRODUCT_NAME = "$(TARGET_NAME)";
				SWIFT_VERSION = 4.2;
				TARGETED_DEVICE_FAMILY = "1,2";
			};
			name = Release;
		};
		B6284E3A229BE887005F98E1 /* Debug */ = {
			isa = XCBuildConfiguration;
			buildSettings = {
				ALWAYS_EMBED_SWIFT_STANDARD_LIBRARIES = YES;
				BUNDLE_LOADER = "$(TEST_HOST)";
				CODE_SIGN_STYLE = Automatic;
				INFOPLIST_FILE = SwiftPonterTests/Info.plist;
				LD_RUNPATH_SEARCH_PATHS = (
					"$(inherited)",
					"@executable_path/Frameworks",
					"@loader_path/Frameworks",
				);
				PRODUCT_BUNDLE_IDENTIFIER = com.jion.SwiftPonterTests;
				PRODUCT_NAME = "$(TARGET_NAME)";
				SWIFT_VERSION = 4.2;
				TARGETED_DEVICE_FAMILY = "1,2";
				TEST_HOST = "$(BUILT_PRODUCTS_DIR)/SwiftPonter.app/SwiftPonter";
			};
			name = Debug;
		};
		B6284E3B229BE887005F98E1 /* Release */ = {
			isa = XCBuildConfiguration;
			buildSettings = {
				ALWAYS_EMBED_SWIFT_STANDARD_LIBRARIES = YES;
				BUNDLE_LOADER = "$(TEST_HOST)";
				CODE_SIGN_STYLE = Automatic;
				INFOPLIST_FILE = SwiftPonterTests/Info.plist;
				LD_RUNPATH_SEARCH_PATHS = (
					"$(inherited)",
					"@executable_path/Frameworks",
					"@loader_path/Frameworks",
				);
				PRODUCT_BUNDLE_IDENTIFIER = com.jion.SwiftPonterTests;
				PRODUCT_NAME = "$(TARGET_NAME)";
				SWIFT_VERSION = 4.2;
				TARGETED_DEVICE_FAMILY = "1,2";
				TEST_HOST = "$(BUILT_PRODUCTS_DIR)/SwiftPonter.app/SwiftPonter";
			};
			name = Release;
		};
		B6284E3D229BE887005F98E1 /* Debug */ = {
			isa = XCBuildConfiguration;
			buildSettings = {
				ALWAYS_EMBED_SWIFT_STANDARD_LIBRARIES = YES;
				CODE_SIGN_STYLE = Automatic;
				INFOPLIST_FILE = SwiftPonterUITests/Info.plist;
				LD_RUNPATH_SEARCH_PATHS = (
					"$(inherited)",
					"@executable_path/Frameworks",
					"@loader_path/Frameworks",
				);
				PRODUCT_BUNDLE_IDENTIFIER = com.jion.SwiftPonterUITests;
				PRODUCT_NAME = "$(TARGET_NAME)";
				SWIFT_VERSION = 4.2;
				TARGETED_DEVICE_FAMILY = "1,2";
				TEST_TARGET_NAME = SwiftPonter;
			};
			name = Debug;
		};
		B6284E3E229BE887005F98E1 /* Release */ = {
			isa = XCBuildConfiguration;
			buildSettings = {
				ALWAYS_EMBED_SWIFT_STANDARD_LIBRARIES = YES;
				CODE_SIGN_STYLE = Automatic;
				INFOPLIST_FILE = SwiftPonterUITests/Info.plist;
				LD_RUNPATH_SEARCH_PATHS = (
					"$(inherited)",
					"@executable_path/Frameworks",
					"@loader_path/Frameworks",
				);
				PRODUCT_BUNDLE_IDENTIFIER = com.jion.SwiftPonterUITests;
				PRODUCT_NAME = "$(TARGET_NAME)";
				SWIFT_VERSION = 4.2;
				TARGETED_DEVICE_FAMILY = "1,2";
				TEST_TARGET_NAME = SwiftPonter;
			};
			name = Release;
		};
/* End XCBuildConfiguration section */

/* Begin XCConfigurationList section */
		B6284E09229BE884005F98E1 /* Build configuration list for PBXProject "SwiftPonter" */ = {
			isa = XCConfigurationList;
			buildConfigurations = (
				B6284E34229BE887005F98E1 /* Debug */,
				B6284E35229BE887005F98E1 /* Release */,
			);
			defaultConfigurationIsVisible = 0;
			defaultConfigurationName = Release;
		};
		B6284E36229BE887005F98E1 /* Build configuration list for PBXNativeTarget "SwiftPonter" */ = {
			isa = XCConfigurationList;
			buildConfigurations = (
				B6284E37229BE887005F98E1 /* Debug */,
				B6284E38229BE887005F98E1 /* Release */,
			);
			defaultConfigurationIsVisible = 0;
			defaultConfigurationName = Release;
		};
		B6284E39229BE887005F98E1 /* Build configuration list for PBXNativeTarget "SwiftPonterTests" */ = {
			isa = XCConfigurationList;
			buildConfigurations = (
				B6284E3A229BE887005F98E1 /* Debug */,
				B6284E3B229BE887005F98E1 /* Release */,
			);
			defaultConfigurationIsVisible = 0;
			defaultConfigurationName = Release;
		};
		B6284E3C229BE887005F98E1 /* Build configuration list for PBXNativeTarget "SwiftPonterUITests" */ = {
			isa = XCConfigurationList;
			buildConfigurations = (
				B6284E3D229BE887005F98E1 /* Debug */,
				B6284E3E229BE887005F98E1 /* Release */,
			);
			defaultConfigurationIsVisible = 0;
			defaultConfigurationName = Release;
		};
/* End XCConfigurationList section */
	};
	rootObject = B6284E06229BE884005F98E1 /* Project object */;
}
